
Microsoft Visual Studio Solution File, Format Version 12.00
# Visual Studio 14
VisualStudioVersion = 14.0.25420.1
MinimumVisualStudioVersion = 10.0.40219.1
Project("{FAE04EC0-301F-11D3-BF4B-00C04F79EFBC}") = "ChiefGemini", "ChiefGemini.csproj", "{3175085E-E721-4237-95DC-ED9B01A85230}"
EndProject
Project("{FAE04EC0-301F-11D3-BF4B-00C04F79EFBC}") = "Gemini.Modules.CodeCompiler", "..\..\wiiin-gemini\src\Gemini.Modules.CodeCompiler\Gemini.Modules.CodeCompiler.csproj", "{F1CEEDDC-A1DC-4A7A-8A86-FA4C72BFBAE1}"
EndProject
Project("{FAE04EC0-301F-11D3-BF4B-00C04F79EFBC}") = "Gemini.Modules.CodeEditor", "..\..\wiiin-gemini\src\Gemini.Modules.CodeEditor\Gemini.Modules.CodeEditor.csproj", "{1B56487B-CD40-4D94-8A62-C15F7E13D2FC}"
EndProject
Project("{FAE04EC0-301F-11D3-BF4B-00C04F79EFBC}") = "Gemini.Modules.ErrorList", "..\..\wiiin-gemini\src\Gemini.Modules.ErrorList\Gemini.Modules.ErrorList.csproj", "{9F436232-52C4-4C2C-A83F-ADFE5B829484}"
EndProject
Project("{FAE04EC0-301F-11D3-BF4B-00C04F79EFBC}") = "Gemini.Modules.GraphEditor", "..\..\wiiin-gemini\src\Gemini.Modules.GraphEditor\Gemini.Modules.GraphEditor.csproj", "{F8204886-1F61-4247-B7B2-EA5E518162F3}"
EndProject
Project("{FAE04EC0-301F-11D3-BF4B-00C04F79EFBC}") = "Gemini.Modules.Inspector", "..\..\wiiin-gemini\src\Gemini.Modules.Inspector\Gemini.Modules.Inspector.csproj", "{0F8463BD-C1B0-4F2B-855D-49B6963B3337}"
EndProject
Project("{FAE04EC0-301F-11D3-BF4B-00C04F79EFBC}") = "Gemini.Modules.Inspector.MonoGame", "..\..\wiiin-gemini\src\Gemini.Modules.Inspector.MonoGame\Gemini.Modules.Inspector.MonoGame.csproj", "{4775F2B0-F284-40D8-9738-BCD9B56F7273}"
EndProject
Project("{FAE04EC0-301F-11D3-BF4B-00C04F79EFBC}") = "Gemini.Modules.Output", "..\..\wiiin-gemini\src\Gemini.Modules.Output\Gemini.Modules.Output.csproj", "{B78AACC8-5A16-4951-83AD-B78D1C80A258}"
EndProject
Project("{FAE04EC0-301F-11D3-BF4B-00C04F79EFBC}") = "Gemini.Modules.PropertyGrid", "..\..\wiiin-gemini\src\Gemini.Modules.PropertyGrid\Gemini.Modules.PropertyGrid.csproj", "{8080CB9A-9389-4B4D-9ADF-BEF7FEFCAC55}"
EndProject
Project("{FAE04EC0-301F-11D3-BF4B-00C04F79EFBC}") = "Gemini.Tests", "..\..\wiiin-gemini\src\Gemini.Tests\Gemini.Tests.csproj", "{0BC8F4A4-4210-46CE-86F5-D263D4ED748F}"
EndProject
Global
	GlobalSection(SolutionConfigurationPlatforms) = preSolution
		Debug|Any CPU = Debug|Any CPU
		Release|Any CPU = Release|Any CPU
	EndGlobalSection
	GlobalSection(ProjectConfigurationPlatforms) = postSolution
		{3175085E-E721-4237-95DC-ED9B01A85230}.Debug|Any CPU.ActiveCfg = Debug|Any CPU
		{3175085E-E721-4237-95DC-ED9B01A85230}.Debug|Any CPU.Build.0 = Debug|Any CPU
		{3175085E-E721-4237-95DC-ED9B01A85230}.Release|Any CPU.ActiveCfg = Release|Any CPU
		{3175085E-E721-4237-95DC-ED9B01A85230}.Release|Any CPU.Build.0 = Release|Any CPU
		{F1CEEDDC-A1DC-4A7A-8A86-FA4C72BFBAE1}.Debug|Any CPU.ActiveCfg = Debug|Any CPU
		{F1CEEDDC-A1DC-4A7A-8A86-FA4C72BFBAE1}.Debug|Any CPU.Build.0 = Debug|Any CPU
		{F1CEEDDC-A1DC-4A7A-8A86-FA4C72BFBAE1}.Release|Any CPU.ActiveCfg = Release|Any CPU
		{F1CEEDDC-A1DC-4A7A-8A86-FA4C72BFBAE1}.Release|Any CPU.Build.0 = Release|Any CPU
		{1B56487B-CD40-4D94-8A62-C15F7E13D2FC}.Debug|Any CPU.ActiveCfg = Debug|Any CPU
		{1B56487B-CD40-4D94-8A62-C15F7E13D2FC}.Debug|Any CPU.Build.0 = Debug|Any CPU
		{1B56487B-CD40-4D94-8A62-C15F7E13D2FC}.Release|Any CPU.ActiveCfg = Release|Any CPU
		{1B56487B-CD40-4D94-8A62-C15F7E13D2FC}.Release|Any CPU.Build.0 = Release|Any CPU
		{9F436232-52C4-4C2C-A83F-ADFE5B829484}.Debug|Any CPU.ActiveCfg = Debug|Any CPU
		{9F436232-52C4-4C2C-A83F-ADFE5B829484}.Debug|Any CPU.Build.0 = Debug|Any CPU
		{9F436232-52C4-4C2C-A83F-ADFE5B829484}.Release|Any CPU.ActiveCfg = Release|Any CPU
		{9F436232-52C4-4C2C-A83F-ADFE5B829484}.Release|Any CPU.Build.0 = Release|Any CPU
		{F8204886-1F61-4247-B7B2-EA5E518162F3}.Debug|Any CPU.ActiveCfg = Debug|Any CPU
		{F8204886-1F61-4247-B7B2-EA5E518162F3}.Debug|Any CPU.Build.0 = Debug|Any CPU
		{F8204886-1F61-4247-B7B2-EA5E518162F3}.Release|Any CPU.ActiveCfg = Release|Any CPU
		{F8204886-1F61-4247-B7B2-EA5E518162F3}.Release|Any CPU.Build.0 = Release|Any CPU
		{0F8463BD-C1B0-4F2B-855D-49B6963B3337}.Debug|Any CPU.ActiveCfg = Debug|Any CPU
		{0F8463BD-C1B0-4F2B-855D-49B6963B3337}.Debug|Any CPU.Build.0 = Debug|Any CPU
		{0F8463BD-C1B0-4F2B-855D-49B6963B3337}.Release|Any CPU.ActiveCfg = Release|Any CPU
		{0F8463BD-C1B0-4F2B-855D-49B6963B3337}.Release|Any CPU.Build.0 = Release|Any CPU
		{4775F2B0-F284-40D8-9738-BCD9B56F7273}.Debug|Any CPU.ActiveCfg = Debug|Any CPU
		{4775F2B0-F284-40D8-9738-BCD9B56F7273}.Debug|Any CPU.Build.0 = Debug|Any CPU
		{4775F2B0-F284-40D8-9738-BCD9B56F7273}.Release|Any CPU.ActiveCfg = Release|Any CPU
		{4775F2B0-F284-40D8-9738-BCD9B56F7273}.Release|Any CPU.Build.0 = Release|Any CPU
		{B78AACC8-5A16-4951-83AD-B78D1C80A258}.Debug|Any CPU.ActiveCfg = Debug|Any CPU
		{B78AACC8-5A16-4951-83AD-B78D1C80A258}.Debug|Any CPU.Build.0 = Debug|Any CPU
		{B78AACC8-5A16-4951-83AD-B78D1C80A258}.Release|Any CPU.ActiveCfg = Release|Any CPU
		{B78AACC8-5A16-4951-83AD-B78D1C80A258}.Release|Any CPU.Build.0 = Release|Any CPU
		{8080CB9A-9389-4B4D-9ADF-BEF7FEFCAC55}.Debug|Any CPU.ActiveCfg = Debug|Any CPU
		{8080CB9A-9389-4B4D-9ADF-BEF7FEFCAC55}.Debug|Any CPU.Build.0 = Debug|Any CPU
		{8080CB9A-9389-4B4D-9ADF-BEF7FEFCAC55}.Release|Any CPU.ActiveCfg = Release|Any CPU
		{8080CB9A-9389-4B4D-9ADF-BEF7FEFCAC55}.Release|Any CPU.Build.0 = Release|Any CPU
		{0BC8F4A4-4210-46CE-86F5-D263D4ED748F}.Debug|Any CPU.ActiveCfg = Debug|Any CPU
		{0BC8F4A4-4210-46CE-86F5-D263D4ED748F}.Debug|Any CPU.Build.0 = Debug|Any CPU
		{0BC8F4A4-4210-46CE-86F5-D263D4ED748F}.Release|Any CPU.ActiveCfg = Release|Any CPU
		{0BC8F4A4-4210-46CE-86F5-D263D4ED748F}.Release|Any CPU.Build.0 = Release|Any CPU
	EndGlobalSection
	GlobalSection(SolutionProperties) = preSolution
		HideSolutionNode = FALSE
	EndGlobalSection
EndGlobal
